
Microsoft Visual Studio Solution File, Format Version 12.00
# Visual Studio Version 17
VisualStudioVersion = 17.0.31903.59
MinimumVisualStudioVersion = 10.0.40219.1
Project("{FAE04EC0-301F-11D3-BF4B-00C04F79EFBC}") = "dotnet-6-json-localization", "dotnet-6-json-localization\dotnet-6-json-localization.csproj", "{5084F46E-E9D2-405A-B1BE-8B8C64861ED6}"
EndProject
Global
	GlobalSection(SolutionConfigurationPlatforms) = preSolution
		Debug|Any CPU = Debug|Any CPU
		Release|Any CPU = Release|Any CPU
	EndGlobalSection
	GlobalSection(ProjectConfigurationPlatforms) = postSolution
		{5084F46E-E9D2-405A-B1BE-8B8C64861ED6}.Debug|Any CPU.ActiveCfg = Debug|Any CPU
		{5084F46E-E9D2-405A-B1BE-8B8C64861ED6}.Debug|Any CPU.Build.0 = Debug|Any CPU
		{5084F46E-E9D2-405A-B1BE-8B8C64861ED6}.Release|Any CPU.ActiveCfg = Release|Any CPU
		{5084F46E-E9D2-405A-B1BE-8B8C64861ED6}.Release|Any CPU.Build.0 = Release|Any CPU
	EndGlobalSection
	GlobalSection(SolutionProperties) = preSolution
		HideSolutionNode = FALSE
	EndGlobalSection
	GlobalSection(ExtensibilityGlobals) = postSolution
		SolutionGuid = {112D44B7-96A6-44CC-86F3-5FCE87E3A5FF}
	EndGlobalSection
EndGlobal
